
Microsoft Visual Studio Solution File, Format Version 12.00
# Visual Studio Version 17
VisualStudioVersion = 17.11.35312.102
MinimumVisualStudioVersion = 10.0.40219.1
Project("{FAE04EC0-301F-11D3-BF4B-00C04F79EFBC}") = "POO_Oficial_2", "POO_Oficial_2\POO_Oficial_2.csproj", "{5F018DF0-7327-47F2-B01C-BDC054DBF4D7}"
EndProject
Project("{2150E333-8FDC-42A3-9474-1A3956D46DE8}") = "Itens de Solução", "Itens de Solução", "{8A765F28-E775-4C5E-B90C-DD2B5195D346}"
	ProjectSection(SolutionItems) = preProject
		Produto.cs = Produto.cs
	EndProjectSection
EndProject
Global
	GlobalSection(SolutionConfigurationPlatforms) = preSolution
		Debug|Any CPU = Debug|Any CPU
		Release|Any CPU = Release|Any CPU
	EndGlobalSection
	GlobalSection(ProjectConfigurationPlatforms) = postSolution
		{5F018DF0-7327-47F2-B01C-BDC054DBF4D7}.Debug|Any CPU.ActiveCfg = Debug|Any CPU
		{5F018DF0-7327-47F2-B01C-BDC054DBF4D7}.Debug|Any CPU.Build.0 = Debug|Any CPU
		{5F018DF0-7327-47F2-B01C-BDC054DBF4D7}.Release|Any CPU.ActiveCfg = Release|Any CPU
		{5F018DF0-7327-47F2-B01C-BDC054DBF4D7}.Release|Any CPU.Build.0 = Release|Any CPU
	EndGlobalSection
	GlobalSection(SolutionProperties) = preSolution
		HideSolutionNode = FALSE
	EndGlobalSection
	GlobalSection(ExtensibilityGlobals) = postSolution
		SolutionGuid = {B9EA4A94-0272-48BE-B457-57A657CD577A}
	EndGlobalSection
EndGlobal
